{
  "version": 4,
  "terraform_version": "1.3.7",
  "serial": 5,
  "lineage": "89146773-81f6-4f4b-bec8-1f3a63f2d254",
  "outputs": {},
  "resources": [
    {
      "mode": "managed",
      "type": "azurerm_app_service",
      "name": "appservice",
      "provider": "provider[\"registry.terraform.io/hashicorp/azurerm\"]",
      "instances": [
        {
          "schema_version": 0,
          "attributes": {
            "app_service_plan_id": "/subscriptions/777c3b0d-95fe-45ee-a36e-3784cc1918b1/resourceGroups/msiacrg/providers/Microsoft.Web/serverfarms/msiacaserviceplan",
            "app_settings": {
              "DOCKER_REGISTRY_SERVER_PASSWORD": "+NAfnpH2Bt6j5dp8YZvw1WtoCClcUoMEiQkRHG0r8b+ACRC7Ww3g",
              "DOCKER_REGISTRY_SERVER_URL": "msiacacr.azurecr.io",
              "DOCKER_REGISTRY_SERVER_USERNAME": "msiacacr",
              "WEBSITES_ENABLE_APP_SERVICE_STORAGE": "false",
              "WEBSITES_PORT": "80"
            },
            "auth_settings": [
              {
                "active_directory": [],
                "additional_login_params": {},
                "allowed_external_redirect_urls": [],
                "default_provider": "",
                "enabled": false,
                "facebook": [],
                "google": [],
                "issuer": "",
                "microsoft": [],
                "runtime_version": "",
                "token_refresh_extension_hours": 0,
                "token_store_enabled": false,
                "twitter": [],
                "unauthenticated_client_action": ""
              }
            ],
            "backup": [],
            "client_affinity_enabled": false,
            "client_cert_enabled": false,
            "connection_string": [],
            "custom_domain_verification_id": "FDD8FE7670073421041A8F47D6B196A9EE4356A65C0C945B88D8DB8C8AA6AE5F",
            "default_site_hostname": "msiacappservice.azurewebsites.net",
            "enabled": true,
            "https_only": false,
            "id": "/subscriptions/777c3b0d-95fe-45ee-a36e-3784cc1918b1/resourceGroups/msiacrg/providers/Microsoft.Web/sites/msiacappservice",
            "identity": [],
            "location": "westus",
            "logs": [
              {
                "application_logs": [
                  {
                    "azure_blob_storage": [],
                    "file_system_level": "Off"
                  }
                ],
                "http_logs": [
                  {
                    "azure_blob_storage": [],
                    "file_system": []
                  }
                ]
              }
            ],
            "name": "msiacappservice",
            "outbound_ip_address_list": [
              "138.91.244.219",
              "138.91.245.98",
              "138.91.240.141",
              "138.91.246.37",
              "138.91.241.29",
              "138.91.162.240",
              "40.112.243.66"
            ],
            "outbound_ip_addresses": "138.91.244.219,138.91.245.98,138.91.240.141,138.91.246.37,138.91.241.29,138.91.162.240,40.112.243.66",
            "possible_outbound_ip_address_list": [
              "138.91.244.219",
              "138.91.245.98",
              "138.91.240.141",
              "138.91.246.37",
              "138.91.241.29",
              "138.91.162.240",
              "138.91.243.158",
              "138.91.251.247",
              "138.91.249.225",
              "138.91.248.210",
              "138.91.248.20",
              "23.99.86.21",
              "138.91.248.132",
              "23.99.86.61",
              "23.99.86.122",
              "138.91.251.255",
              "23.99.86.230",
              "23.99.86.48",
              "23.99.84.6",
              "157.56.167.194",
              "23.99.84.65",
              "23.99.84.85",
              "23.99.84.112",
              "23.99.84.237",
              "104.40.26.248",
              "137.135.49.75",
              "138.91.246.140",
              "138.91.245.60",
              "23.99.84.253",
              "23.99.85.58",
              "40.112.243.66"
            ],
            "possible_outbound_ip_addresses": "138.91.244.219,138.91.245.98,138.91.240.141,138.91.246.37,138.91.241.29,138.91.162.240,138.91.243.158,138.91.251.247,138.91.249.225,138.91.248.210,138.91.248.20,23.99.86.21,138.91.248.132,23.99.86.61,23.99.86.122,138.91.251.255,23.99.86.230,23.99.86.48,23.99.84.6,157.56.167.194,23.99.84.65,23.99.84.85,23.99.84.112,23.99.84.237,104.40.26.248,137.135.49.75,138.91.246.140,138.91.245.60,23.99.84.253,23.99.85.58,40.112.243.66",
            "resource_group_name": "msiacrg",
            "site_config": [
              {
                "always_on": false,
                "app_command_line": "",
                "auto_swap_slot_name": "",
                "cors": [],
                "default_documents": [
                  "Default.htm",
                  "Default.html",
                  "Default.asp",
                  "index.htm",
                  "index.html",
                  "iisstart.htm",
                  "default.aspx",
                  "index.php",
                  "hostingstart.html"
                ],
                "dotnet_framework_version": "v4.0",
                "ftps_state": "AllAllowed",
                "health_check_path": "",
                "http2_enabled": false,
                "ip_restriction": [],
                "java_container": "",
                "java_container_version": "",
                "java_version": "",
                "linux_fx_version": "",
                "local_mysql_enabled": false,
                "managed_pipeline_mode": "Integrated",
                "min_tls_version": "1.2",
                "php_version": "5.6",
                "python_version": "",
                "remote_debugging_enabled": false,
                "remote_debugging_version": "",
                "scm_ip_restriction": [],
                "scm_type": "None",
                "scm_use_main_ip_restriction": false,
                "use_32_bit_worker_process": true,
                "websockets_enabled": false,
                "windows_fx_version": ""
              }
            ],
            "site_credential": [
              {
                "password": "aig6mtfgJ2mH7KQXz0rx056MXFeqhYkncxG5D9uZvPil2zK1ptxCQmXyZ8RW",
                "username": "$msiacappservice"
              }
            ],
            "source_control": [
              {
                "branch": "master",
                "manual_integration": false,
                "repo_url": "",
                "rollback_enabled": false,
                "use_mercurial": false
              }
            ],
            "storage_account": [],
            "tags": null,
            "timeouts": null
          },
          "sensitive_attributes": [
            [
              {
                "type": "get_attr",
                "value": "app_settings"
              },
              {
                "type": "index",
                "value": {
                  "value": "DOCKER_REGISTRY_SERVER_PASSWORD",
                  "type": "string"
                }
              }
            ]
          ],
          "private": "eyJlMmJmYjczMC1lY2FhLTExZTYtOGY4OC0zNDM2M2JjN2M0YzAiOnsiY3JlYXRlIjoxODAwMDAwMDAwMDAwLCJkZWxldGUiOjE4MDAwMDAwMDAwMDAsInJlYWQiOjMwMDAwMDAwMDAwMCwidXBkYXRlIjoxODAwMDAwMDAwMDAwfX0=",
          "dependencies": [
            "azurerm_app_service_plan.serviceplan",
            "azurerm_container_registry.azurecontainerregistry",
            "azurerm_resource_group.resourcegroup"
          ]
        }
      ]
    },
    {
      "mode": "managed",
      "type": "azurerm_app_service_plan",
      "name": "serviceplan",
      "provider": "provider[\"registry.terraform.io/hashicorp/azurerm\"]",
      "instances": [
        {
          "schema_version": 0,
          "attributes": {
            "app_service_environment_id": "",
            "id": "/subscriptions/777c3b0d-95fe-45ee-a36e-3784cc1918b1/resourceGroups/msiacrg/providers/Microsoft.Web/serverfarms/msiacaserviceplan",
            "is_xenon": false,
            "kind": "Windows",
            "location": "westus",
            "maximum_elastic_worker_count": 1,
            "maximum_number_of_workers": 10,
            "name": "msiacaserviceplan",
            "per_site_scaling": false,
            "reserved": false,
            "resource_group_name": "msiacrg",
            "sku": [
              {
                "capacity": 1,
                "size": "S1",
                "tier": "Standard"
              }
            ],
            "tags": null,
            "timeouts": null
          },
          "sensitive_attributes": [],
          "private": "eyJlMmJmYjczMC1lY2FhLTExZTYtOGY4OC0zNDM2M2JjN2M0YzAiOnsiY3JlYXRlIjozNjAwMDAwMDAwMDAwLCJkZWxldGUiOjM2MDAwMDAwMDAwMDAsInJlYWQiOjMwMDAwMDAwMDAwMCwidXBkYXRlIjozNjAwMDAwMDAwMDAwfX0=",
          "dependencies": [
            "azurerm_resource_group.resourcegroup"
          ]
        }
      ]
    },
    {
      "mode": "managed",
      "type": "azurerm_container_registry",
      "name": "azurecontainerregistry",
      "provider": "provider[\"registry.terraform.io/hashicorp/azurerm\"]",
      "instances": [
        {
          "schema_version": 2,
          "attributes": {
            "admin_enabled": true,
            "admin_password": "+NAfnpH2Bt6j5dp8YZvw1WtoCClcUoMEiQkRHG0r8b+ACRC7Ww3g",
            "admin_username": "msiacacr",
            "georeplication_locations": null,
            "id": "/subscriptions/777c3b0d-95fe-45ee-a36e-3784cc1918b1/resourceGroups/msiacrg/providers/Microsoft.ContainerRegistry/registries/msiacacr",
            "location": "westus",
            "login_server": "msiacacr.azurecr.io",
            "name": "msiacacr",
            "network_rule_set": [],
            "resource_group_name": "msiacrg",
            "retention_policy": [
              {
                "days": 7,
                "enabled": false
              }
            ],
            "sku": "Standard",
            "storage_account_id": null,
            "tags": null,
            "timeouts": null,
            "trust_policy": [
              {
                "enabled": false
              }
            ]
          },
          "sensitive_attributes": [],
          "private": "eyJlMmJmYjczMC1lY2FhLTExZTYtOGY4OC0zNDM2M2JjN2M0YzAiOnsiY3JlYXRlIjoxODAwMDAwMDAwMDAwLCJkZWxldGUiOjE4MDAwMDAwMDAwMDAsInJlYWQiOjMwMDAwMDAwMDAwMCwidXBkYXRlIjoxODAwMDAwMDAwMDAwfSwic2NoZW1hX3ZlcnNpb24iOiIyIn0=",
          "dependencies": [
            "azurerm_resource_group.resourcegroup"
          ]
        }
      ]
    },
    {
      "mode": "managed",
      "type": "azurerm_resource_group",
      "name": "resourcegroup",
      "provider": "provider[\"registry.terraform.io/hashicorp/azurerm\"]",
      "instances": [
        {
          "schema_version": 0,
          "attributes": {
            "id": "/subscriptions/777c3b0d-95fe-45ee-a36e-3784cc1918b1/resourceGroups/msiacrg",
            "location": "westus",
            "name": "msiacrg",
            "tags": null,
            "timeouts": null
          },
          "sensitive_attributes": [],
          "private": "eyJlMmJmYjczMC1lY2FhLTExZTYtOGY4OC0zNDM2M2JjN2M0YzAiOnsiY3JlYXRlIjo1NDAwMDAwMDAwMDAwLCJkZWxldGUiOjU0MDAwMDAwMDAwMDAsInJlYWQiOjMwMDAwMDAwMDAwMCwidXBkYXRlIjo1NDAwMDAwMDAwMDAwfX0="
        }
      ]
    }
  ],
  "check_results": null
}
